
Microsoft Visual Studio Solution File, Format Version 12.00
Project("{FAE04EC0-301F-11D3-BF4B-00C04F79EFBC}") = "Student Portal", "Student Portal.csproj", "{90151A5C-E5AD-4E30-8CBC-93869F41A2B3}"
EndProject
Global
	GlobalSection(SolutionConfigurationPlatforms) = preSolution
		Debug|Any CPU = Debug|Any CPU
		Release|Any CPU = Release|Any CPU
	EndGlobalSection
	GlobalSection(ProjectConfigurationPlatforms) = postSolution
		{90151A5C-E5AD-4E30-8CBC-93869F41A2B3}.Debug|Any CPU.ActiveCfg = Debug|Any CPU
		{90151A5C-E5AD-4E30-8CBC-93869F41A2B3}.Debug|Any CPU.Build.0 = Debug|Any CPU
		{90151A5C-E5AD-4E30-8CBC-93869F41A2B3}.Release|Any CPU.ActiveCfg = Release|Any CPU
		{90151A5C-E5AD-4E30-8CBC-93869F41A2B3}.Release|Any CPU.Build.0 = Release|Any CPU
	EndGlobalSection
EndGlobal
